// !$*UTF8*$!
{
	archiveVersion = 1;
	classes = {
	};
	objectVersion = 46;
	objects = {

/* Begin PBXBuildFile section */
		5DF60AA31F20466C00D926A4 /* AppDelegate.swift in Sources */ = {isa = PBXBuildFile; fileRef = 5DF60AA21F20466C00D926A4 /* AppDelegate.swift */; };
		5DF60AA51F20466C00D926A4 /* ViewController.swift in Sources */ = {isa = PBXBuildFile; fileRef = 5DF60AA41F20466C00D926A4 /* ViewController.swift */; };
		5DF60AA81F20466C00D926A4 /* Main.storyboard in Resources */ = {isa = PBXBuildFile; fileRef = 5DF60AA61F20466C00D926A4 /* Main.storyboard */; };
		5DF60AAA1F20466C00D926A4 /* Assets.xcassets in Resources */ = {isa = PBXBuildFile; fileRef = 5DF60AA91F20466C00D926A4 /* Assets.xcassets */; };
		5DF60AAD1F20466C00D926A4 /* LaunchScreen.storyboard in Resources */ = {isa = PBXBuildFile; fileRef = 5DF60AAB1F20466C00D926A4 /* LaunchScreen.storyboard */; };
		5DF60AB51F29915800D926A4 /* SettingsViewController.swift in Sources */ = {isa = PBXBuildFile; fileRef = 5DF60AB41F29915800D926A4 /* SettingsViewController.swift */; };
		5DF60AB71F2993C600D926A4 /* File.swift in Sources */ = {isa = PBXBuildFile; fileRef = 5DF60AB61F2993C600D926A4 /* File.swift */; };
/* End PBXBuildFile section */

/* Begin PBXFileReference section */
		5DF60A9F1F20466C00D926A4 /* Tip CA.app */ = {isa = PBXFileReference; explicitFileType = wrapper.application; includeInIndex = 0; path = "Tip CA.app"; sourceTree = BUILT_PRODUCTS_DIR; };
		5DF60AA21F20466C00D926A4 /* AppDelegate.swift */ = {isa = PBXFileReference; lastKnownFileType = sourcecode.swift; path = AppDelegate.swift; sourceTree = "<group>"; };
		5DF60AA41F20466C00D926A4 /* ViewController.swift */ = {isa = PBXFileReference; lastKnownFileType = sourcecode.swift; path = ViewController.swift; sourceTree = "<group>"; };
		5DF60AA71F20466C00D926A4 /* Base */ = {isa = PBXFileReference; lastKnownFileType = file.storyboard; name = Base; path = Base.lproj/Main.storyboard; sourceTree = "<group>"; };
		5DF60AA91F20466C00D926A4 /* Assets.xcassets */ = {isa = PBXFileReference; lastKnownFileType = folder.assetcatalog; path = Assets.xcassets; sourceTree = "<group>"; };
		5DF60AAC1F20466C00D926A4 /* Base */ = {isa = PBXFileReference; lastKnownFileType = file.storyboard; name = Base; path = Base.lproj/LaunchScreen.storyboard; sourceTree = "<group>"; };
		5DF60AAE1F20466C00D926A4 /* Info.plist */ = {isa = PBXFileReference; lastKnownFileType = text.plist.xml; path = Info.plist; sourceTree = "<group>"; };
		5DF60AB41F29915800D926A4 /* SettingsViewController.swift */ = {isa = PBXFileReference; fileEncoding = 4; lastKnownFileType = sourcecode.swift; path = SettingsViewController.swift; sourceTree = "<group>"; };
		5DF60AB61F2993C600D926A4 /* File.swift */ = {isa = PBXFileReference; fileEncoding = 4; lastKnownFileType = sourcecode.swift; path = File.swift; sourceTree = "<group>"; };
/* End PBXFileReference section */

/* Begin PBXFrameworksBuildPhase section */
		5DF60A9C1F20466B00D926A4 /* Frameworks */ = {
			isa = PBXFrameworksBuildPhase;
			buildActionMask = 2147483647;
			files = (
			);
			runOnlyForDeploymentPostprocessing = 0;
		};
/* End PBXFrameworksBuildPhase section */

/* Begin PBXGroup section */
		5DF60A961F20466B00D926A4 = {
			isa = PBXGroup;
			children = (
				5DF60AB41F29915800D926A4 /* SettingsViewController.swift */,
				5DF60AB61F2993C600D926A4 /* File.swift */,
				5DF60AA11F20466C00D926A4 /* Tip CA */,
				5DF60AA01F20466C00D926A4 /* Products */,
			);
			sourceTree = "<group>";
		};
		5DF60AA01F20466C00D926A4 /* Products */ = {
			isa = PBXGroup;
			children = (
				5DF60A9F1F20466C00D926A4 /* Tip CA.app */,
			);
			name = Products;
			sourceTree = "<group>";
		};
		5DF60AA11F20466C00D926A4 /* Tip CA */ = {
			isa = PBXGroup;
			children = (
				5DF60AA21F20466C00D926A4 /* AppDelegate.swift */,
				5DF60AA41F20466C00D926A4 /* ViewController.swift */,
				5DF60AA61F20466C00D926A4 /* Main.storyboard */,
				5DF60AA91F20466C00D926A4 /* Assets.xcassets */,
				5DF60AAB1F20466C00D926A4 /* LaunchScreen.storyboard */,
				5DF60AAE1F20466C00D926A4 /* Info.plist */,
			);
			path = "Tip CA";
			sourceTree = "<group>";
		};
/* End PBXGroup section */

/* Begin PBXNativeTarget section */
		5DF60A9E1F20466B00D926A4 /* Tip CA */ = {
			isa = PBXNativeTarget;
			buildConfigurationList = 5DF60AB11F20466C00D926A4 /* Build configuration list for PBXNativeTarget "Tip CA" */;
			buildPhases = (
				5DF60A9B1F20466B00D926A4 /* Sources */,
				5DF60A9C1F20466B00D926A4 /* Frameworks */,
				5DF60A9D1F20466B00D926A4 /* Resources */,
			);
			buildRules = (
			);
			dependencies = (
			);
			name = "Tip CA";
			productName = "Tip CA";
			productReference = 5DF60A9F1F20466C00D926A4 /* Tip CA.app */;
			productType = "com.apple.product-type.application";
		};
/* End PBXNativeTarget section */

/* Begin PBXProject section */
		5DF60A971F20466B00D926A4 /* Project object */ = {
			isa = PBXProject;
			attributes = {
				LastSwiftUpdateCheck = 0820;
				LastUpgradeCheck = 0820;
				ORGANIZATIONNAME = "StreetCode Academy";
				TargetAttributes = {
					5DF60A9E1F20466B00D926A4 = {
						CreatedOnToolsVersion = 8.2.1;
						ProvisioningStyle = Automatic;
					};
				};
			};
			buildConfigurationList = 5DF60A9A1F20466B00D926A4 /* Build configuration list for PBXProject "Tip CA" */;
			compatibilityVersion = "Xcode 3.2";
			developmentRegion = English;
			hasScannedForEncodings = 0;
			knownRegions = (
				en,
				Base,
			);
			mainGroup = 5DF60A961F20466B00D926A4;
			productRefGroup = 5DF60AA01F20466C00D926A4 /* Products */;
			projectDirPath = "";
			projectRoot = "";
			targets = (
				5DF60A9E1F20466B00D926A4 /* Tip CA */,
			);
		};
/* End PBXProject section */

/* Begin PBXResourcesBuildPhase section */
		5DF60A9D1F20466B00D926A4 /* Resources */ = {
			isa = PBXResourcesBuildPhase;
			buildActionMask = 2147483647;
			files = (
				5DF60AAD1F20466C00D926A4 /* LaunchScreen.storyboard in Resources */,
				5DF60AAA1F20466C00D926A4 /* Assets.xcassets in Resources */,
				5DF60AA81F20466C00D926A4 /* Main.storyboard in Resources */,
			);
			runOnlyForDeploymentPostprocessing = 0;
		};
/* End PBXResourcesBuildPhase section */

/* Begin PBXSourcesBuildPhase section */
		5DF60A9B1F20466B00D926A4 /* Sources */ = {
			isa = PBXSourcesBuildPhase;
			buildActionMask = 2147483647;
			files = (
				5DF60AA51F20466C00D926A4 /* ViewController.swift in Sources */,
				5DF60AB71F2993C600D926A4 /* File.swift in Sources */,
				5DF60AA31F20466C00D926A4 /* AppDelegate.swift in Sources */,
				5DF60AB51F29915800D926A4 /* SettingsViewController.swift in Sources */,
			);
			runOnlyForDeploymentPostprocessing = 0;
		};
/* End PBXSourcesBuildPhase section */

/* Begin PBXVariantGroup section */
		5DF60AA61F20466C00D926A4 /* Main.storyboard */ = {
			isa = PBXVariantGroup;
			children = (
				5DF60AA71F20466C00D926A4 /* Base */,
			);
			name = Main.storyboard;
			sourceTree = "<group>";
		};
		5DF60AAB1F20466C00D926A4 /* LaunchScreen.storyboard */ = {
			isa = PBXVariantGroup;
			children = (
				5DF60AAC1F20466C00D926A4 /* Base */,
			);
			name = LaunchScreen.storyboard;
			sourceTree = "<group>";
		};
/* End PBXVariantGroup section */

/* Begin XCBuildConfiguration section */
		5DF60AAF1F20466C00D926A4 /* Debug */ = {
			isa = XCBuildConfiguration;
			buildSettings = {
				ALWAYS_SEARCH_USER_PATHS = NO;
				CLANG_ANALYZER_NONNULL = YES;
				CLANG_CXX_LANGUAGE_STANDARD = "gnu++0x";
				CLANG_CXX_LIBRARY = "libc++";
				CLANG_ENABLE_MODULES = YES;
				CLANG_ENABLE_OBJC_ARC = YES;
				CLANG_WARN_BOOL_CONVERSION = YES;
				CLANG_WARN_CONSTANT_CONVERSION = YES;
				CLANG_WARN_DIRECT_OBJC_ISA_USAGE = YES_ERROR;
				CLANG_WARN_DOCUMENTATION_COMMENTS = YES;
				CLANG_WARN_EMPTY_BODY = YES;
				CLANG_WARN_ENUM_CONVERSION = YES;
				CLANG_WARN_INFINITE_RECURSION = YES;
				CLANG_WARN_INT_CONVERSION = YES;
				CLANG_WARN_OBJC_ROOT_CLASS = YES_ERROR;
				CLANG_WARN_SUSPICIOUS_MOVE = YES;
				CLANG_WARN_UNREACHABLE_CODE = YES;
				CLANG_WARN__DUPLICATE_METHOD_MATCH = YES;
				"CODE_SIGN_IDENTITY[sdk=iphoneos*]" = "iPhone Developer";
				COPY_PHASE_STRIP = NO;
				DEBUG_INFORMATION_FORMAT = dwarf;
				ENABLE_STRICT_OBJC_MSGSEND = YES;
				ENABLE_TESTABILITY = YES;
				GCC_C_LANGUAGE_STANDARD = gnu99;
				GCC_DYNAMIC_NO_PIC = NO;
				GCC_NO_COMMON_BLOCKS = YES;
				GCC_OPTIMIZATION_LEVEL = 0;
				GCC_PREPROCESSOR_DEFINITIONS = (
					"DEBUG=1",
					"$(inherited)",
				);
				GCC_WARN_64_TO_32_BIT_CONVERSION = YES;
				GCC_WARN_ABOUT_RETURN_TYPE = YES_ERROR;
				GCC_WARN_UNDECLARED_SELECTOR = YES;
				GCC_WARN_UNINITIALIZED_AUTOS = YES_AGGRESSIVE;
				GCC_WARN_UNUSED_FUNCTION = YES;
				GCC_WARN_UNUSED_VARIABLE = YES;
				IPHONEOS_DEPLOYMENT_TARGET = 10.2;
				MTL_ENABLE_DEBUG_INFO = YES;
				ONLY_ACTIVE_ARCH = YES;
				SDKROOT = iphoneos;
				SWIFT_ACTIVE_COMPILATION_CONDITIONS = DEBUG;
				SWIFT_OPTIMIZATION_LEVEL = "-Onone";
			};
			name = Debug;
		};
		5DF60AB01F20466C00D926A4 /* Release */ = {
			isa = XCBuildConfiguration;
			buildSettings = {
				ALWAYS_SEARCH_USER_PATHS = NO;
				CLANG_ANALYZER_NONNULL = YES;
				CLANG_CXX_LANGUAGE_STANDARD = "gnu++0x";
				CLANG_CXX_LIBRARY = "libc++";
				CLANG_ENABLE_MODULES = YES;
				CLANG_ENABLE_OBJC_ARC = YES;
				CLANG_WARN_BOOL_CONVERSION = YES;
				CLANG_WARN_CONSTANT_CONVERSION = YES;
				CLANG_WARN_DIRECT_OBJC_ISA_USAGE = YES_ERROR;
				CLANG_WARN_DOCUMENTATION_COMMENTS = YES;
				CLANG_WARN_EMPTY_BODY = YES;
				CLANG_WARN_ENUM_CONVERSION = YES;
				CLANG_WARN_INFINITE_RECURSION = YES;
				CLANG_WARN_INT_CONVERSION = YES;
				CLANG_WARN_OBJC_ROOT_CLASS = YES_ERROR;
				CLANG_WARN_SUSPICIOUS_MOVE = YES;
				CLANG_WARN_UNREACHABLE_CODE = YES;
				CLANG_WARN__DUPLICATE_METHOD_MATCH = YES;
				"CODE_SIGN_IDENTITY[sdk=iphoneos*]" = "iPhone Developer";
				COPY_PHASE_STRIP = NO;
				DEBUG_INFORMATION_FORMAT = "dwarf-with-dsym";
				ENABLE_NS_ASSERTIONS = NO;
				ENABLE_STRICT_OBJC_MSGSEND = YES;
				GCC_C_LANGUAGE_STANDARD = gnu99;
				GCC_NO_COMMON_BLOCKS = YES;
				GCC_WARN_64_TO_32_BIT_CONVERSION = YES;
				GCC_WARN_ABOUT_RETURN_TYPE = YES_ERROR;
				GCC_WARN_UNDECLARED_SELECTOR = YES;
				GCC_WARN_UNINITIALIZED_AUTOS = YES_AGGRESSIVE;
				GCC_WARN_UNUSED_FUNCTION = YES;
				GCC_WARN_UNUSED_VARIABLE = YES;
				IPHONEOS_DEPLOYMENT_TARGET = 10.2;
				MTL_ENABLE_DEBUG_INFO = NO;
				SDKROOT = iphoneos;
				SWIFT_OPTIMIZATION_LEVEL = "-Owholemodule";
				VALIDATE_PRODUCT = YES;
			};
			name = Release;
		};
		5DF60AB21F20466C00D926A4 /* Debug */ = {
			isa = XCBuildConfiguration;
			buildSettings = {
				ASSETCATALOG_COMPILER_APPICON_NAME = AppIcon;
				INFOPLIST_FILE = "Tip CA/Info.plist";
				LD_RUNPATH_SEARCH_PATHS = "$(inherited) @executable_path/Frameworks";
				PRODUCT_BUNDLE_IDENTIFIER = "com.streetcode.Tip-CA";
				PRODUCT_NAME = "$(TARGET_NAME)";
				SWIFT_VERSION = 3.0;
			};
			name = Debug;
		};
		5DF60AB31F20466C00D926A4 /* Release */ = {
			isa = XCBuildConfiguration;
			buildSettings = {
				ASSETCATALOG_COMPILER_APPICON_NAME = AppIcon;
				INFOPLIST_FILE = "Tip CA/Info.plist";
				LD_RUNPATH_SEARCH_PATHS = "$(inherited) @executable_path/Frameworks";
				PRODUCT_BUNDLE_IDENTIFIER = "com.streetcode.Tip-CA";
				PRODUCT_NAME = "$(TARGET_NAME)";
				SWIFT_VERSION = 3.0;
			};
			name = Release;
		};
/* End XCBuildConfiguration section */

/* Begin XCConfigurationList section */
		5DF60A9A1F20466B00D926A4 /* Build configuration list for PBXProject "Tip CA" */ = {
			isa = XCConfigurationList;
			buildConfigurations = (
				5DF60AAF1F20466C00D926A4 /* Debug */,
				5DF60AB01F20466C00D926A4 /* Release */,
			);
			defaultConfigurationIsVisible = 0;
			defaultConfigurationName = Release;
		};
		5DF60AB11F20466C00D926A4 /* Build configuration list for PBXNativeTarget "Tip CA" */ = {
			isa = XCConfigurationList;
			buildConfigurations = (
				5DF60AB21F20466C00D926A4 /* Debug */,
				5DF60AB31F20466C00D926A4 /* Release */,
			);
			defaultConfigurationIsVisible = 0;
			defaultConfigurationName = Release;
		};
/* End XCConfigurationList section */
	};
	rootObject = 5DF60A971F20466B00D926A4 /* Project object */;
}
